
Microsoft Visual Studio Solution File, Format Version 12.00
# Visual Studio Version 17
VisualStudioVersion = 17.5.002.0
MinimumVisualStudioVersion = 10.0.40219.1
Project("{9A19103F-16F7-4668-BE54-9A1E7A4F7556}") = "SignalR_Rocks", "SignalR_Rocks.csproj", "{3B4D5C43-10C6-4A4C-B3D0-2D3D8A04458C}"
EndProject
Global
	GlobalSection(SolutionConfigurationPlatforms) = preSolution
		Debug|Any CPU = Debug|Any CPU
		Release|Any CPU = Release|Any CPU
	EndGlobalSection
	GlobalSection(ProjectConfigurationPlatforms) = postSolution
		{3B4D5C43-10C6-4A4C-B3D0-2D3D8A04458C}.Debug|Any CPU.ActiveCfg = Debug|Any CPU
		{3B4D5C43-10C6-4A4C-B3D0-2D3D8A04458C}.Debug|Any CPU.Build.0 = Debug|Any CPU
		{3B4D5C43-10C6-4A4C-B3D0-2D3D8A04458C}.Release|Any CPU.ActiveCfg = Release|Any CPU
		{3B4D5C43-10C6-4A4C-B3D0-2D3D8A04458C}.Release|Any CPU.Build.0 = Release|Any CPU
	EndGlobalSection
	GlobalSection(SolutionProperties) = preSolution
		HideSolutionNode = FALSE
	EndGlobalSection
	GlobalSection(ExtensibilityGlobals) = postSolution
		SolutionGuid = {B89EDF5B-8F16-4D46-A246-0E7C6E6E182A}
	EndGlobalSection
EndGlobal
